# THIS IS AN AUTOGENERATED FILE. DO NOT EDIT THIS FILE DIRECTLY.
# yarn lockfile v1


"@napi-rs/triples@^1.0.2":
  "integrity" "sha512-EL3SiX43m9poFSnhDx4d4fn9SSaqyO2rHsCNhETi9bWPmjXK3uPJ0QpPFtx39FEdHcz1vJmsiW41kqc0AgvtzQ=="
  "resolved" "http://r.tnpm.oa.com/@napi-rs%2ftriples/-/triples-1.0.2.tgz"
  "version" "1.0.2"

"@node-rs/helper@^1.0.0":
  "integrity" "sha512-pzIFIS0POyqWVqdcF0NQO2DjnO1IeI1UN/hENCZMW3o/ndEpTmZLRVhoXGSHjjzoQaEuHwzj79BnYUXI3syv8w=="
  "resolved" "http://r.tnpm.oa.com/@node-rs%2fhelper/-/helper-1.2.0.tgz"
  "version" "1.2.0"
  dependencies:
    "@napi-rs/triples" "^1.0.2"
    "tslib" "^2.2.0"

"@nodelib/fs.scandir@2.1.5":
  "integrity" "sha512-vq24Bq3ym5HEQm2NKCr3yXDwjc7vTsEThRDnkp2DK9p1uqLR+DHurm/NOTo0KG7HYHU7eppKZj3MyqYuMBf62g=="
  "resolved" "http://r.tnpm.oa.com/@nodelib%2ffs.scandir/-/fs.scandir-2.1.5.tgz"
  "version" "2.1.5"
  dependencies:
    "@nodelib/fs.stat" "2.0.5"
    "run-parallel" "^1.1.9"

"@nodelib/fs.stat@^2.0.2", "@nodelib/fs.stat@2.0.5":
  "integrity" "sha512-RkhPPp2zrqDAQA/2jNhnztcPAlv64XdhIp7a7454A5ovI7Bukxgt7MX7udwAu3zg1DcpPU0rz3VV1SeaqvY4+A=="
  "resolved" "http://r.tnpm.oa.com/@nodelib%2ffs.stat/-/fs.stat-2.0.5.tgz"
  "version" "2.0.5"

"@nodelib/fs.walk@^1.2.3":
  "integrity" "sha512-BTIhocbPBSrRmHxOAJFtR18oLhxTtAFDAvL8hY1S3iU8k+E60W/YFs4jrixGzQjMpF4qPXxIQHcjVD9dz1C2QA=="
  "resolved" "http://r.tnpm.oa.com/@nodelib%2ffs.walk/-/fs.walk-1.2.7.tgz"
  "version" "1.2.7"
  dependencies:
    "@nodelib/fs.scandir" "2.1.5"
    "fastq" "^1.6.0"

"@swc-node/core@^1.5.1":
  "integrity" "sha1-9WvkrItN78eCljpZ28SeDA0SyQo="
  "resolved" "https://registry.nlark.com/@swc-node/core/download/@swc-node/core-1.5.1.tgz"
  "version" "1.5.1"
  dependencies:
    "@swc/core" "^1.2.59"

"@swc-node/jest@^1.3.1":
  "integrity" "sha1-dcjJd1VA093jYsp8ieUjuqo8ziU="
  "resolved" "https://registry.nlark.com/@swc-node/jest/download/@swc-node/jest-1.3.1.tgz"
  "version" "1.3.1"
  dependencies:
    "@swc-node/core" "^1.5.1"

"@swc-node/register@^1.3.2":
  "integrity" "sha1-hFIoT33F+sw7riKTCm7okMiYJMc="
  "resolved" "https://registry.nlark.com/@swc-node/register/download/@swc-node/register-1.3.2.tgz"
  "version" "1.3.2"
  dependencies:
    "@swc-node/core" "^1.5.1"
    "@swc-node/sourcemap-support" "^0.1.8"
    "chalk" "^4.1.1"
    "debug" "^4.3.1"
    "pirates" "^4.0.1"

"@swc-node/sourcemap-support@^0.1.8":
  "integrity" "sha1-jPdBda5eM3RhIBHn51wDY3AZ20w="
  "resolved" "https://registry.nlark.com/@swc-node/sourcemap-support/download/@swc-node/sourcemap-support-0.1.8.tgz"
  "version" "0.1.8"
  dependencies:
    "source-map-support" "^0.5.19"

"@swc/cli@^0.1.46":
  "integrity" "sha512-xRpsVEQoBP3bC3Pfk7CpPAjzfcIMd93KxL6uPd8uLQ93roC+sAqoZnXWsihxn8KFLlFC+7rfcbcoB0XFxag9qg=="
  "resolved" "http://r.tnpm.oa.com/@swc%2fcli/-/cli-0.1.46.tgz"
  "version" "0.1.46"
  dependencies:
    "commander" "^7.1.0"
    "fast-glob" "^3.2.5"
    "slash" "3.0.0"
    "source-map" "^0.7.3"

"@swc/core-darwin-x64@^1.2.61":
  "integrity" "sha512-Wg3bzVUR5USuwhWrPYNxKKh1XyjqXfdKVVUEMGe8fErPvSwU+CCP9UsnUygRJNitiNk7kkVfkRZhB2sc0xKR/Q=="
  "resolved" "http://r.tnpm.oa.com/@swc%2fcore-darwin-x64/-/core-darwin-x64-1.2.61.tgz"
  "version" "1.2.61"

"@swc/core@^1.2.4", "@swc/core@^1.2.59", "@swc/core@^1.2.61", "@swc/core@>=1.2.45":
  "integrity" "sha512-22m4AazWoRJpYbMdcY4zJDFFzDnLCN2ug13LoURymKLkavBDA6z9HjWM9w95sKqycqxHzy7+oROd9+f+t9/faA=="
  "resolved" "http://r.tnpm.oa.com/@swc%2fcore/-/core-1.2.61.tgz"
  "version" "1.2.61"
  dependencies:
    "@node-rs/helper" "^1.0.0"
  optionalDependencies:
    "@swc/core-android-arm64" "^1.2.61"
    "@swc/core-darwin-arm64" "^1.2.61"
    "@swc/core-darwin-x64" "^1.2.61"
    "@swc/core-freebsd-x64" "^1.2.61"
    "@swc/core-linux-arm-gnueabihf" "^1.2.61"
    "@swc/core-linux-arm64-gnu" "^1.2.61"
    "@swc/core-linux-arm64-musl" "^1.2.61"
    "@swc/core-linux-x64-gnu" "^1.2.61"
    "@swc/core-linux-x64-musl" "^1.2.61"
    "@swc/core-win32-arm64-msvc" "^1.2.61"
    "@swc/core-win32-ia32-msvc" "^1.2.61"
    "@swc/core-win32-x64-msvc" "^1.2.61"

"@swc/wasm@>=1.2.45":
  "integrity" "sha1-tIwPOgK0f18xTMQj+MH2l7nBZWI="
  "resolved" "https://registry.nlark.com/@swc/wasm/download/@swc/wasm-1.2.61.tgz?cache=0&sync_timestamp=1623827548624&other_urls=https%3A%2F%2Fregistry.nlark.com%2F%40swc%2Fwasm%2Fdownload%2F%40swc%2Fwasm-1.2.61.tgz"
  "version" "1.2.61"

"@tsconfig/node10@^1.0.7":
  "integrity" "sha1-weToDW+WT77LM1nEO9SLQPfK2tk="
  "resolved" "https://registry.nlark.com/@tsconfig/node10/download/@tsconfig/node10-1.0.8.tgz?cache=0&sync_timestamp=1623230253873&other_urls=https%3A%2F%2Fregistry.nlark.com%2F%40tsconfig%2Fnode10%2Fdownload%2F%40tsconfig%2Fnode10-1.0.8.tgz"
  "version" "1.0.8"

"@tsconfig/node12@^1.0.7":
  "integrity" "sha1-YsH23uLr2a6tgNw6+laBDljhoEw="
  "resolved" "https://registry.nlark.com/@tsconfig/node12/download/@tsconfig/node12-1.0.9.tgz"
  "version" "1.0.9"

"@tsconfig/node14@^1.0.0":
  "integrity" "sha1-lfLRZ/+5uNIGiwsjUwL6/U33EfI="
  "resolved" "https://registry.nlark.com/@tsconfig/node14/download/@tsconfig/node14-1.0.1.tgz?cache=0&sync_timestamp=1623230252928&other_urls=https%3A%2F%2Fregistry.nlark.com%2F%40tsconfig%2Fnode14%2Fdownload%2F%40tsconfig%2Fnode14-1.0.1.tgz"
  "version" "1.0.1"

"@tsconfig/node16@^1.0.1":
  "integrity" "sha1-pspqmg/zZq9DP0L18OEkeU/2uPE="
  "resolved" "https://registry.nlark.com/@tsconfig/node16/download/@tsconfig/node16-1.0.1.tgz"
  "version" "1.0.1"

"@types/node@*", "@types/node@^15.12.4":
  "integrity" "sha1-4c+BfXCh4RjoGSLE/2aDzp1CLiY="
  "resolved" "https://registry.nlark.com/@types/node/download/@types/node-15.12.4.tgz?cache=0&sync_timestamp=1624437151657&other_urls=https%3A%2F%2Fregistry.nlark.com%2F%40types%2Fnode%2Fdownload%2F%40types%2Fnode-15.12.4.tgz"
  "version" "15.12.4"

"ansi-styles@^4.1.0":
  "integrity" "sha1-7dgDYornHATIWuegkG7a00tkiTc="
  "resolved" "https://registry.nlark.com/ansi-styles/download/ansi-styles-4.3.0.tgz"
  "version" "4.3.0"
  dependencies:
    "color-convert" "^2.0.1"

"arg@^4.1.0":
  "integrity" "sha1-Jp/HrVuOQstjyJbVZmAXJhwUQIk="
  "resolved" "https://registry.npm.taobao.org/arg/download/arg-4.1.3.tgz?cache=0&sync_timestamp=1605574972657&other_urls=https%3A%2F%2Fregistry.npm.taobao.org%2Farg%2Fdownload%2Farg-4.1.3.tgz"
  "version" "4.1.3"

"braces@^3.0.1":
  "integrity" "sha512-b8um+L1RzM3WDSzvhm6gIz1yfTbBt6YTlcEKAvsmqCZZFw46z626lVj9j1yEPW33H5H+lBQpZMP1k8l+78Ha0A=="
  "resolved" "http://r.tnpm.oa.com/braces/-/braces-3.0.2.tgz"
  "version" "3.0.2"
  dependencies:
    "fill-range" "^7.0.1"

"buffer-from@^1.0.0":
  "integrity" "sha1-MnE7wCj3XAL9txDXx7zsHyxgcO8="
  "resolved" "https://registry.npm.taobao.org/buffer-from/download/buffer-from-1.1.1.tgz"
  "version" "1.1.1"

"chalk@^4.1.1":
  "integrity" "sha1-yAs/qyi/Y3HmhjMl7uZ+YYt35q0="
  "resolved" "https://registry.nlark.com/chalk/download/chalk-4.1.1.tgz?cache=0&sync_timestamp=1618995384030&other_urls=https%3A%2F%2Fregistry.nlark.com%2Fchalk%2Fdownload%2Fchalk-4.1.1.tgz"
  "version" "4.1.1"
  dependencies:
    "ansi-styles" "^4.1.0"
    "supports-color" "^7.1.0"

"color-convert@^2.0.1":
  "integrity" "sha1-ctOmjVmMm9s68q0ehPIdiWq9TeM="
  "resolved" "https://registry.npm.taobao.org/color-convert/download/color-convert-2.0.1.tgz"
  "version" "2.0.1"
  dependencies:
    "color-name" "~1.1.4"

"color-name@~1.1.4":
  "integrity" "sha1-wqCah6y95pVD3m9j+jmVyCbFNqI="
  "resolved" "https://registry.npm.taobao.org/color-name/download/color-name-1.1.4.tgz"
  "version" "1.1.4"

"commander@^7.1.0":
  "integrity" "sha512-QrWXB+ZQSVPmIWIhtEO9H+gwHaMGYiF5ChvoJ+K9ZGHG/sVsa6yiesAD1GC/x46sET00Xlwo1u49RVVVzvcSkw=="
  "resolved" "http://r.tnpm.oa.com/commander/-/commander-7.2.0.tgz"
  "version" "7.2.0"

"create-require@^1.1.0":
  "integrity" "sha1-wdfo8eX2z8n/ZfnNNS03NIdWwzM="
  "resolved" "https://registry.npm.taobao.org/create-require/download/create-require-1.1.1.tgz"
  "version" "1.1.1"

"debug@^4.3.1":
  "integrity" "sha1-8NIpxQXgxtjEmsVT0bE9wYP2su4="
  "resolved" "https://registry.npm.taobao.org/debug/download/debug-4.3.1.tgz?cache=0&sync_timestamp=1607566533140&other_urls=https%3A%2F%2Fregistry.npm.taobao.org%2Fdebug%2Fdownload%2Fdebug-4.3.1.tgz"
  "version" "4.3.1"
  dependencies:
    "ms" "2.1.2"

"diff@^4.0.1":
  "integrity" "sha1-YPOuy4nV+uUgwRqhnvwruYKq3n0="
  "resolved" "https://registry.npm.taobao.org/diff/download/diff-4.0.2.tgz?cache=0&sync_timestamp=1604803664325&other_urls=https%3A%2F%2Fregistry.npm.taobao.org%2Fdiff%2Fdownload%2Fdiff-4.0.2.tgz"
  "version" "4.0.2"

"fast-glob@^3.2.5":
  "integrity" "sha512-2DtFcgT68wiTTiwZ2hNdJfcHNke9XOfnwmBRWXhmeKM8rF0TGwmC/Qto3S7RoZKp5cilZbxzO5iTNTQsJ+EeDg=="
  "resolved" "http://r.tnpm.oa.com/fast-glob/-/fast-glob-3.2.5.tgz"
  "version" "3.2.5"
  dependencies:
    "@nodelib/fs.stat" "^2.0.2"
    "@nodelib/fs.walk" "^1.2.3"
    "glob-parent" "^5.1.0"
    "merge2" "^1.3.0"
    "micromatch" "^4.0.2"
    "picomatch" "^2.2.1"

"fastq@^1.6.0":
  "integrity" "sha512-7Eczs8gIPDrVzT+EksYBcupqMyxSHXXrHOLRRxU2/DicV8789MRBRR8+Hc2uWzUupOs4YS4JzBmBxjjCVBxD/g=="
  "resolved" "http://r.tnpm.oa.com/fastq/-/fastq-1.11.0.tgz"
  "version" "1.11.0"
  dependencies:
    "reusify" "^1.0.4"

"fill-range@^7.0.1":
  "integrity" "sha512-qOo9F+dMUmC2Lcb4BbVvnKJxTPjCm+RRpe4gDuGrzkL7mEVl/djYSu2OdQ2Pa302N4oqkSg9ir6jaLWJ2USVpQ=="
  "resolved" "http://r.tnpm.oa.com/fill-range/-/fill-range-7.0.1.tgz"
  "version" "7.0.1"
  dependencies:
    "to-regex-range" "^5.0.1"

"glob-parent@^5.1.0":
  "integrity" "sha512-AOIgSQCepiJYwP3ARnGx+5VnTu2HBYdzbGP45eLw1vr3zB3vZLeyed1sC9hnbcOc9/SrMyM5RPQrkGz4aS9Zow=="
  "resolved" "http://r.tnpm.oa.com/glob-parent/-/glob-parent-5.1.2.tgz"
  "version" "5.1.2"
  dependencies:
    "is-glob" "^4.0.1"

"has-flag@^4.0.0":
  "integrity" "sha1-lEdx/ZyByBJlxNaUGGDaBrtZR5s="
  "resolved" "https://registry.npm.taobao.org/has-flag/download/has-flag-4.0.0.tgz?cache=0&sync_timestamp=1618559697170&other_urls=https%3A%2F%2Fregistry.npm.taobao.org%2Fhas-flag%2Fdownload%2Fhas-flag-4.0.0.tgz"
  "version" "4.0.0"

"is-extglob@^2.1.1":
  "integrity" "sha1-qIwCU1eR8C7TfHahueqXc8gz+MI="
  "resolved" "http://r.tnpm.oa.com/is-extglob/-/is-extglob-2.1.1.tgz"
  "version" "2.1.1"

"is-glob@^4.0.1":
  "integrity" "sha512-5G0tKtBTFImOqDnLB2hG6Bp2qcKEFduo4tZu9MT/H6NQv/ghhy30o55ufafxJ/LdH79LLs2Kfrn85TLKyA7BUg=="
  "resolved" "http://r.tnpm.oa.com/is-glob/-/is-glob-4.0.1.tgz"
  "version" "4.0.1"
  dependencies:
    "is-extglob" "^2.1.1"

"is-number@^7.0.0":
  "integrity" "sha512-41Cifkg6e8TylSpdtTpeLVMqvSBEVzTttHvERD741+pnZ8ANv0004MRL43QKPDlK9cGvNp6NZWZUBlbGXYxxng=="
  "resolved" "http://r.tnpm.oa.com/is-number/-/is-number-7.0.0.tgz"
  "version" "7.0.0"

"js-tokens@^3.0.0 || ^4.0.0":
  "integrity" "sha512-RdJUflcE3cUzKiMqQgsCu06FPu9UdIJO0beYbPhHN4k6apgJtifcoCtT9bcxOpYBtpD2kCM6Sbzg4CausW/PKQ=="
  "resolved" "http://r.tnpm.oa.com/js-tokens/-/js-tokens-4.0.0.tgz"
  "version" "4.0.0"

"loose-envify@^1.1.0":
  "integrity" "sha512-lyuxPGr/Wfhrlem2CL/UcnUc1zcqKAImBDzukY7Y5F/yQiNdko6+fRLevlw1HgMySw7f611UIY408EtxRSoK3Q=="
  "resolved" "http://r.tnpm.oa.com/loose-envify/-/loose-envify-1.4.0.tgz"
  "version" "1.4.0"
  dependencies:
    "js-tokens" "^3.0.0 || ^4.0.0"

"make-error@^1.1.1":
  "integrity" "sha1-LrLjfqm2fEiR9oShOUeZr0hM96I="
  "resolved" "https://registry.npm.taobao.org/make-error/download/make-error-1.3.6.tgz"
  "version" "1.3.6"

"merge2@^1.3.0":
  "integrity" "sha512-8q7VEgMJW4J8tcfVPy8g09NcQwZdbwFEqhe/WZkoIzjn/3TGDwtOCYtXGxA3O8tPzpczCCDgv+P2P5y00ZJOOg=="
  "resolved" "http://r.tnpm.oa.com/merge2/-/merge2-1.4.1.tgz"
  "version" "1.4.1"

"micromatch@^4.0.2":
  "integrity" "sha512-pRmzw/XUcwXGpD9aI9q/0XOwLNygjETJ8y0ao0wdqprrzDa4YnxLcz7fQRZr8voh8V10kGhABbNcHVk5wHgWwg=="
  "resolved" "http://r.tnpm.oa.com/micromatch/-/micromatch-4.0.4.tgz"
  "version" "4.0.4"
  dependencies:
    "braces" "^3.0.1"
    "picomatch" "^2.2.3"

"ms@2.1.2":
  "integrity" "sha1-0J0fNXtEP0kzgqjrPM0YOHKuYAk="
  "resolved" "https://registry.npm.taobao.org/ms/download/ms-2.1.2.tgz?cache=0&sync_timestamp=1607433842694&other_urls=https%3A%2F%2Fregistry.npm.taobao.org%2Fms%2Fdownload%2Fms-2.1.2.tgz"
  "version" "2.1.2"

"node-modules-regexp@^1.0.0":
  "integrity" "sha1-jZ2+KJZKSsVxLpExZCEHxx6Q7EA="
  "resolved" "https://registry.npm.taobao.org/node-modules-regexp/download/node-modules-regexp-1.0.0.tgz"
  "version" "1.0.0"

"object-assign@^4.1.1":
  "integrity" "sha1-IQmtx5ZYh8/AXLvUQsrIv7s2CGM="
  "resolved" "http://r.tnpm.oa.com/object-assign/-/object-assign-4.1.1.tgz"
  "version" "4.1.1"

"picomatch@^2.2.1", "picomatch@^2.2.3":
  "integrity" "sha512-lY1Q/PiJGC2zOv/z391WOTD+Z02bCgsFfvxoXXf6h7kv9o+WmsmzYqrAwY63sNgOxE4xEdq0WyUnXfKeBrSvYw=="
  "resolved" "http://r.tnpm.oa.com/picomatch/-/picomatch-2.3.0.tgz"
  "version" "2.3.0"

"pirates@^4.0.1":
  "integrity" "sha1-ZDqSyviUVm+RsrmG0sZpUKji+4c="
  "resolved" "https://registry.npm.taobao.org/pirates/download/pirates-4.0.1.tgz"
  "version" "4.0.1"
  dependencies:
    "node-modules-regexp" "^1.0.0"

"queue-microtask@^1.2.2":
  "integrity" "sha512-NuaNSa6flKT5JaSYQzJok04JzTL1CA6aGhv5rfLW3PgqA+M2ChpZQnAC8h8i4ZFkBS8X5RqkDBHA7r4hej3K9A=="
  "resolved" "http://r.tnpm.oa.com/queue-microtask/-/queue-microtask-1.2.3.tgz"
  "version" "1.2.3"

"react-dom@^17.0.2":
  "integrity" "sha512-s4h96KtLDUQlsENhMn1ar8t2bEa+q/YAtj8pPPdIjPDGBDIVNsrD9aXNWqspUe6AzKCIG0C1HZZLqLV7qpOBGA=="
  "resolved" "http://r.tnpm.oa.com/react-dom/-/react-dom-17.0.2.tgz"
  "version" "17.0.2"
  dependencies:
    "loose-envify" "^1.1.0"
    "object-assign" "^4.1.1"
    "scheduler" "^0.20.2"

"react@^17.0.2", "react@17.0.2":
  "integrity" "sha512-gnhPt75i/dq/z3/6q/0asP78D0u592D5L1pd7M8P+dck6Fu/jJeL6iVVK23fptSUZj8Vjf++7wXA8UNclGQcbA=="
  "resolved" "http://r.tnpm.oa.com/react/-/react-17.0.2.tgz"
  "version" "17.0.2"
  dependencies:
    "loose-envify" "^1.1.0"
    "object-assign" "^4.1.1"

"reusify@^1.0.4":
  "integrity" "sha512-U9nH88a3fc/ekCF1l0/UP1IosiuIjyTh7hBvXVMHYgVcfGvt897Xguj2UOLDeI5BG2m7/uwyaLVT6fbtCwTyzw=="
  "resolved" "http://r.tnpm.oa.com/reusify/-/reusify-1.0.4.tgz"
  "version" "1.0.4"

"run-parallel@^1.1.9":
  "integrity" "sha512-5l4VyZR86LZ/lDxZTR6jqL8AFE2S0IFLMP26AbjsLVADxHdhB/c0GUsH+y39UfCi3dzz8OlQuPmnaJOMoDHQBA=="
  "resolved" "http://r.tnpm.oa.com/run-parallel/-/run-parallel-1.2.0.tgz"
  "version" "1.2.0"
  dependencies:
    "queue-microtask" "^1.2.2"

"scheduler@^0.20.2":
  "integrity" "sha512-2eWfGgAqqWFGqtdMmcL5zCMK1U8KlXv8SQFGglL3CEtd0aDVDWgeF/YoCmvln55m5zSk3J/20hTaSBeSObsQDQ=="
  "resolved" "http://r.tnpm.oa.com/scheduler/-/scheduler-0.20.2.tgz"
  "version" "0.20.2"
  dependencies:
    "loose-envify" "^1.1.0"
    "object-assign" "^4.1.1"

"slash@3.0.0":
  "integrity" "sha512-g9Q1haeby36OSStwb4ntCGGGaKsaVSjQ68fBxoQcutl5fS1vuY18H3wSt3jFyFtrkx+Kz0V1G85A4MyAdDMi2Q=="
  "resolved" "http://r.tnpm.oa.com/slash/-/slash-3.0.0.tgz"
  "version" "3.0.0"

"source-map-support@^0.5.17", "source-map-support@^0.5.19":
  "integrity" "sha1-qYti+G3K9PZzmWSMCFKRq56P7WE="
  "resolved" "https://registry.npm.taobao.org/source-map-support/download/source-map-support-0.5.19.tgz?cache=0&other_urls=https%3A%2F%2Fregistry.npm.taobao.org%2Fsource-map-support%2Fdownload%2Fsource-map-support-0.5.19.tgz"
  "version" "0.5.19"
  dependencies:
    "buffer-from" "^1.0.0"
    "source-map" "^0.6.0"

"source-map@^0.6.0":
  "integrity" "sha1-dHIq8y6WFOnCh6jQu95IteLxomM="
  "resolved" "https://registry.npm.taobao.org/source-map/download/source-map-0.6.1.tgz"
  "version" "0.6.1"

"source-map@^0.7.3":
  "integrity" "sha512-CkCj6giN3S+n9qrYiBTX5gystlENnRW5jZeNLHpe6aue+SrHcG5VYwujhW9s4dY31mEGsxBDrHR6oI69fTXsaQ=="
  "resolved" "http://r.tnpm.oa.com/source-map/-/source-map-0.7.3.tgz"
  "version" "0.7.3"

"supports-color@^7.1.0":
  "integrity" "sha1-G33NyzK4E4gBs+R4umpRyqiWSNo="
  "resolved" "https://registry.nlark.com/supports-color/download/supports-color-7.2.0.tgz?cache=0&sync_timestamp=1622293670728&other_urls=https%3A%2F%2Fregistry.nlark.com%2Fsupports-color%2Fdownload%2Fsupports-color-7.2.0.tgz"
  "version" "7.2.0"
  dependencies:
    "has-flag" "^4.0.0"

"to-regex-range@^5.0.1":
  "integrity" "sha512-65P7iz6X5yEr1cwcgvQxbbIw7Uk3gOy5dIdtZ4rDveLqhrdJP+Li/Hx6tyK0NEb+2GCyneCMJiGqrADCSNk8sQ=="
  "resolved" "http://r.tnpm.oa.com/to-regex-range/-/to-regex-range-5.0.1.tgz"
  "version" "5.0.1"
  dependencies:
    "is-number" "^7.0.0"

"ts-node@^10.0.0":
  "integrity" "sha1-BfELmnFrC2JBKa1E8OoF2shLo74="
  "resolved" "https://registry.nlark.com/ts-node/download/ts-node-10.0.0.tgz?cache=0&sync_timestamp=1621817618947&other_urls=https%3A%2F%2Fregistry.nlark.com%2Fts-node%2Fdownload%2Fts-node-10.0.0.tgz"
  "version" "10.0.0"
  dependencies:
    "@tsconfig/node10" "^1.0.7"
    "@tsconfig/node12" "^1.0.7"
    "@tsconfig/node14" "^1.0.0"
    "@tsconfig/node16" "^1.0.1"
    "arg" "^4.1.0"
    "create-require" "^1.1.0"
    "diff" "^4.0.1"
    "make-error" "^1.1.1"
    "source-map-support" "^0.5.17"
    "yn" "3.1.1"

"tslib@^2.2.0", "tslib@^2.3.0":
  "integrity" "sha512-N82ooyxVNm6h1riLCoyS9e3fuJ3AMG2zIZs2Gd1ATcSFjSA23Q0fzjjZeh0jbJvWVDZ0cJT8yaNNaaXHzueNjg=="
  "resolved" "http://r.tnpm.oa.com/tslib/-/tslib-2.3.0.tgz"
  "version" "2.3.0"

"typescript@^4.3.1", "typescript@>=2.7":
  "integrity" "sha512-uauPG7XZn9F/mo+7MrsRjyvbxFpzemRjKEZXS4AK83oP2KKOJPvb+9cO/gmnv8arWZvhnjVOXz7B49m1l0e9Ew=="
  "resolved" "http://r.tnpm.oa.com/typescript/-/typescript-4.3.4.tgz"
  "version" "4.3.4"

"yn@3.1.1":
  "integrity" "sha1-HodAGgnXZ8HV6rJqbkwYUYLS61A="
  "resolved" "https://registry.npm.taobao.org/yn/download/yn-3.1.1.tgz"
  "version" "3.1.1"
